// !$*UTF8*$!
{
	archiveVersion = 1;
	classes = {
	};
	objectVersion = 50;
	objects = {

/* Begin PBXBuildFile section */
		9653265B2610DA2D00676504 /* PurpleViewController.swift in Sources */ = {isa = PBXBuildFile; fileRef = 9653265A2610DA2D00676504 /* PurpleViewController.swift */; };
		965326632610DA7100676504 /* DreiTastenViewController.swift in Sources */ = {isa = PBXBuildFile; fileRef = 965326622610DA7100676504 /* DreiTastenViewController.swift */; };
		96A50B3C25EFEEA8001B52E4 /* AppDelegate.swift in Sources */ = {isa = PBXBuildFile; fileRef = 96A50B3B25EFEEA8001B52E4 /* AppDelegate.swift */; };
		96A50B3E25EFEEA8001B52E4 /* SceneDelegate.swift in Sources */ = {isa = PBXBuildFile; fileRef = 96A50B3D25EFEEA8001B52E4 /* SceneDelegate.swift */; };
		96A50B4025EFEEA8001B52E4 /* ViewController.swift in Sources */ = {isa = PBXBuildFile; fileRef = 96A50B3F25EFEEA8001B52E4 /* ViewController.swift */; };
		96A50B4325EFEEA8001B52E4 /* Main.storyboard in Resources */ = {isa = PBXBuildFile; fileRef = 96A50B4125EFEEA8001B52E4 /* Main.storyboard */; };
		96A50B4525EFEEA9001B52E4 /* Assets.xcassets in Resources */ = {isa = PBXBuildFile; fileRef = 96A50B4425EFEEA9001B52E4 /* Assets.xcassets */; };
		96A50B4825EFEEA9001B52E4 /* LaunchScreen.storyboard in Resources */ = {isa = PBXBuildFile; fileRef = 96A50B4625EFEEA9001B52E4 /* LaunchScreen.storyboard */; };
		96A50B5325EFEEA9001B52E4 /* __8Tests.swift in Sources */ = {isa = PBXBuildFile; fileRef = 96A50B5225EFEEA9001B52E4 /* __8Tests.swift */; };
		96A50B5E25EFEEA9001B52E4 /* __8UITests.swift in Sources */ = {isa = PBXBuildFile; fileRef = 96A50B5D25EFEEA9001B52E4 /* __8UITests.swift */; };
		96F42B782614D3F7007E3DE4 /* OrangeViewController.swift in Sources */ = {isa = PBXBuildFile; fileRef = 96F42B772614D3F7007E3DE4 /* OrangeViewController.swift */; };
		96F42B7D2614D454007E3DE4 /* InOrangeViewController.swift in Sources */ = {isa = PBXBuildFile; fileRef = 96F42B7C2614D454007E3DE4 /* InOrangeViewController.swift */; };
/* End PBXBuildFile section */

/* Begin PBXContainerItemProxy section */
		96A50B4F25EFEEA9001B52E4 /* PBXContainerItemProxy */ = {
			isa = PBXContainerItemProxy;
			containerPortal = 96A50B3025EFEEA8001B52E4 /* Project object */;
			proxyType = 1;
			remoteGlobalIDString = 96A50B3725EFEEA8001B52E4;
			remoteInfo = 7.8;
		};
		96A50B5A25EFEEA9001B52E4 /* PBXContainerItemProxy */ = {
			isa = PBXContainerItemProxy;
			containerPortal = 96A50B3025EFEEA8001B52E4 /* Project object */;
			proxyType = 1;
			remoteGlobalIDString = 96A50B3725EFEEA8001B52E4;
			remoteInfo = 7.8;
		};
/* End PBXContainerItemProxy section */

/* Begin PBXFileReference section */
		9653265A2610DA2D00676504 /* PurpleViewController.swift */ = {isa = PBXFileReference; lastKnownFileType = sourcecode.swift; path = PurpleViewController.swift; sourceTree = "<group>"; };
		965326622610DA7100676504 /* DreiTastenViewController.swift */ = {isa = PBXFileReference; lastKnownFileType = sourcecode.swift; path = DreiTastenViewController.swift; sourceTree = "<group>"; };
		96A50B3825EFEEA8001B52E4 /* 7.8.app */ = {isa = PBXFileReference; explicitFileType = wrapper.application; includeInIndex = 0; path = 7.8.app; sourceTree = BUILT_PRODUCTS_DIR; };
		96A50B3B25EFEEA8001B52E4 /* AppDelegate.swift */ = {isa = PBXFileReference; lastKnownFileType = sourcecode.swift; path = AppDelegate.swift; sourceTree = "<group>"; };
		96A50B3D25EFEEA8001B52E4 /* SceneDelegate.swift */ = {isa = PBXFileReference; lastKnownFileType = sourcecode.swift; path = SceneDelegate.swift; sourceTree = "<group>"; };
		96A50B3F25EFEEA8001B52E4 /* ViewController.swift */ = {isa = PBXFileReference; lastKnownFileType = sourcecode.swift; path = ViewController.swift; sourceTree = "<group>"; };
		96A50B4225EFEEA8001B52E4 /* Base */ = {isa = PBXFileReference; lastKnownFileType = file.storyboard; name = Base; path = Base.lproj/Main.storyboard; sourceTree = "<group>"; };
		96A50B4425EFEEA9001B52E4 /* Assets.xcassets */ = {isa = PBXFileReference; lastKnownFileType = folder.assetcatalog; path = Assets.xcassets; sourceTree = "<group>"; };
		96A50B4725EFEEA9001B52E4 /* Base */ = {isa = PBXFileReference; lastKnownFileType = file.storyboard; name = Base; path = Base.lproj/LaunchScreen.storyboard; sourceTree = "<group>"; };
		96A50B4925EFEEA9001B52E4 /* Info.plist */ = {isa = PBXFileReference; lastKnownFileType = text.plist.xml; path = Info.plist; sourceTree = "<group>"; };
		96A50B4E25EFEEA9001B52E4 /* 7.8Tests.xctest */ = {isa = PBXFileReference; explicitFileType = wrapper.cfbundle; includeInIndex = 0; path = 7.8Tests.xctest; sourceTree = BUILT_PRODUCTS_DIR; };
		96A50B5225EFEEA9001B52E4 /* __8Tests.swift */ = {isa = PBXFileReference; lastKnownFileType = sourcecode.swift; path = __8Tests.swift; sourceTree = "<group>"; };
		96A50B5425EFEEA9001B52E4 /* Info.plist */ = {isa = PBXFileReference; lastKnownFileType = text.plist.xml; path = Info.plist; sourceTree = "<group>"; };
		96A50B5925EFEEA9001B52E4 /* 7.8UITests.xctest */ = {isa = PBXFileReference; explicitFileType = wrapper.cfbundle; includeInIndex = 0; path = 7.8UITests.xctest; sourceTree = BUILT_PRODUCTS_DIR; };
		96A50B5D25EFEEA9001B52E4 /* __8UITests.swift */ = {isa = PBXFileReference; lastKnownFileType = sourcecode.swift; path = __8UITests.swift; sourceTree = "<group>"; };
		96A50B5F25EFEEA9001B52E4 /* Info.plist */ = {isa = PBXFileReference; lastKnownFileType = text.plist.xml; path = Info.plist; sourceTree = "<group>"; };
		96F42B772614D3F7007E3DE4 /* OrangeViewController.swift */ = {isa = PBXFileReference; lastKnownFileType = sourcecode.swift; path = OrangeViewController.swift; sourceTree = "<group>"; };
		96F42B7C2614D454007E3DE4 /* InOrangeViewController.swift */ = {isa = PBXFileReference; lastKnownFileType = sourcecode.swift; path = InOrangeViewController.swift; sourceTree = "<group>"; };
/* End PBXFileReference section */

/* Begin PBXFrameworksBuildPhase section */
		96A50B3525EFEEA8001B52E4 /* Frameworks */ = {
			isa = PBXFrameworksBuildPhase;
			buildActionMask = 2147483647;
			files = (
			);
			runOnlyForDeploymentPostprocessing = 0;
		};
		96A50B4B25EFEEA9001B52E4 /* Frameworks */ = {
			isa = PBXFrameworksBuildPhase;
			buildActionMask = 2147483647;
			files = (
			);
			runOnlyForDeploymentPostprocessing = 0;
		};
		96A50B5625EFEEA9001B52E4 /* Frameworks */ = {
			isa = PBXFrameworksBuildPhase;
			buildActionMask = 2147483647;
			files = (
			);
			runOnlyForDeploymentPostprocessing = 0;
		};
/* End PBXFrameworksBuildPhase section */

/* Begin PBXGroup section */
		96A50B2F25EFEEA8001B52E4 = {
			isa = PBXGroup;
			children = (
				96A50B3A25EFEEA8001B52E4 /* 7.8 */,
				96A50B5125EFEEA9001B52E4 /* 7.8Tests */,
				96A50B5C25EFEEA9001B52E4 /* 7.8UITests */,
				96A50B3925EFEEA8001B52E4 /* Products */,
			);
			sourceTree = "<group>";
		};
		96A50B3925EFEEA8001B52E4 /* Products */ = {
			isa = PBXGroup;
			children = (
				96A50B3825EFEEA8001B52E4 /* 7.8.app */,
				96A50B4E25EFEEA9001B52E4 /* 7.8Tests.xctest */,
				96A50B5925EFEEA9001B52E4 /* 7.8UITests.xctest */,
			);
			name = Products;
			sourceTree = "<group>";
		};
		96A50B3A25EFEEA8001B52E4 /* 7.8 */ = {
			isa = PBXGroup;
			children = (
				96A50B3B25EFEEA8001B52E4 /* AppDelegate.swift */,
				96A50B3D25EFEEA8001B52E4 /* SceneDelegate.swift */,
				96A50B3F25EFEEA8001B52E4 /* ViewController.swift */,
				9653265A2610DA2D00676504 /* PurpleViewController.swift */,
				96A50B4125EFEEA8001B52E4 /* Main.storyboard */,
				96F42B7C2614D454007E3DE4 /* InOrangeViewController.swift */,
				96F42B772614D3F7007E3DE4 /* OrangeViewController.swift */,
				965326622610DA7100676504 /* DreiTastenViewController.swift */,
				96A50B4425EFEEA9001B52E4 /* Assets.xcassets */,
				96A50B4625EFEEA9001B52E4 /* LaunchScreen.storyboard */,
				96A50B4925EFEEA9001B52E4 /* Info.plist */,
			);
			path = 7.8;
			sourceTree = "<group>";
		};
		96A50B5125EFEEA9001B52E4 /* 7.8Tests */ = {
			isa = PBXGroup;
			children = (
				96A50B5225EFEEA9001B52E4 /* __8Tests.swift */,
				96A50B5425EFEEA9001B52E4 /* Info.plist */,
			);
			path = 7.8Tests;
			sourceTree = "<group>";
		};
		96A50B5C25EFEEA9001B52E4 /* 7.8UITests */ = {
			isa = PBXGroup;
			children = (
				96A50B5D25EFEEA9001B52E4 /* __8UITests.swift */,
				96A50B5F25EFEEA9001B52E4 /* Info.plist */,
			);
			path = 7.8UITests;
			sourceTree = "<group>";
		};
/* End PBXGroup section */

/* Begin PBXNativeTarget section */
		96A50B3725EFEEA8001B52E4 /* 7.8 */ = {
			isa = PBXNativeTarget;
			buildConfigurationList = 96A50B6225EFEEA9001B52E4 /* Build configuration list for PBXNativeTarget "7.8" */;
			buildPhases = (
				96A50B3425EFEEA8001B52E4 /* Sources */,
				96A50B3525EFEEA8001B52E4 /* Frameworks */,
				96A50B3625EFEEA8001B52E4 /* Resources */,
			);
			buildRules = (
			);
			dependencies = (
			);
			name = 7.8;
			productName = 7.8;
			productReference = 96A50B3825EFEEA8001B52E4 /* 7.8.app */;
			productType = "com.apple.product-type.application";
		};
		96A50B4D25EFEEA9001B52E4 /* 7.8Tests */ = {
			isa = PBXNativeTarget;
			buildConfigurationList = 96A50B6525EFEEA9001B52E4 /* Build configuration list for PBXNativeTarget "7.8Tests" */;
			buildPhases = (
				96A50B4A25EFEEA9001B52E4 /* Sources */,
				96A50B4B25EFEEA9001B52E4 /* Frameworks */,
				96A50B4C25EFEEA9001B52E4 /* Resources */,
			);
			buildRules = (
			);
			dependencies = (
				96A50B5025EFEEA9001B52E4 /* PBXTargetDependency */,
			);
			name = 7.8Tests;
			productName = 7.8Tests;
			productReference = 96A50B4E25EFEEA9001B52E4 /* 7.8Tests.xctest */;
			productType = "com.apple.product-type.bundle.unit-test";
		};
		96A50B5825EFEEA9001B52E4 /* 7.8UITests */ = {
			isa = PBXNativeTarget;
			buildConfigurationList = 96A50B6825EFEEA9001B52E4 /* Build configuration list for PBXNativeTarget "7.8UITests" */;
			buildPhases = (
				96A50B5525EFEEA9001B52E4 /* Sources */,
				96A50B5625EFEEA9001B52E4 /* Frameworks */,
				96A50B5725EFEEA9001B52E4 /* Resources */,
			);
			buildRules = (
			);
			dependencies = (
				96A50B5B25EFEEA9001B52E4 /* PBXTargetDependency */,
			);
			name = 7.8UITests;
			productName = 7.8UITests;
			productReference = 96A50B5925EFEEA9001B52E4 /* 7.8UITests.xctest */;
			productType = "com.apple.product-type.bundle.ui-testing";
		};
/* End PBXNativeTarget section */

/* Begin PBXProject section */
		96A50B3025EFEEA8001B52E4 /* Project object */ = {
			isa = PBXProject;
			attributes = {
				LastSwiftUpdateCheck = 1240;
				LastUpgradeCheck = 1240;
				TargetAttributes = {
					96A50B3725EFEEA8001B52E4 = {
						CreatedOnToolsVersion = 12.4;
					};
					96A50B4D25EFEEA9001B52E4 = {
						CreatedOnToolsVersion = 12.4;
						TestTargetID = 96A50B3725EFEEA8001B52E4;
					};
					96A50B5825EFEEA9001B52E4 = {
						CreatedOnToolsVersion = 12.4;
						TestTargetID = 96A50B3725EFEEA8001B52E4;
					};
				};
			};
			buildConfigurationList = 96A50B3325EFEEA8001B52E4 /* Build configuration list for PBXProject "7.8" */;
			compatibilityVersion = "Xcode 9.3";
			developmentRegion = en;
			hasScannedForEncodings = 0;
			knownRegions = (
				en,
				Base,
			);
			mainGroup = 96A50B2F25EFEEA8001B52E4;
			productRefGroup = 96A50B3925EFEEA8001B52E4 /* Products */;
			projectDirPath = "";
			projectRoot = "";
			targets = (
				96A50B3725EFEEA8001B52E4 /* 7.8 */,
				96A50B4D25EFEEA9001B52E4 /* 7.8Tests */,
				96A50B5825EFEEA9001B52E4 /* 7.8UITests */,
			);
		};
/* End PBXProject section */

/* Begin PBXResourcesBuildPhase section */
		96A50B3625EFEEA8001B52E4 /* Resources */ = {
			isa = PBXResourcesBuildPhase;
			buildActionMask = 2147483647;
			files = (
				96A50B4825EFEEA9001B52E4 /* LaunchScreen.storyboard in Resources */,
				96A50B4525EFEEA9001B52E4 /* Assets.xcassets in Resources */,
				96A50B4325EFEEA8001B52E4 /* Main.storyboard in Resources */,
			);
			runOnlyForDeploymentPostprocessing = 0;
		};
		96A50B4C25EFEEA9001B52E4 /* Resources */ = {
			isa = PBXResourcesBuildPhase;
			buildActionMask = 2147483647;
			files = (
			);
			runOnlyForDeploymentPostprocessing = 0;
		};
		96A50B5725EFEEA9001B52E4 /* Resources */ = {
			isa = PBXResourcesBuildPhase;
			buildActionMask = 2147483647;
			files = (
			);
			runOnlyForDeploymentPostprocessing = 0;
		};
/* End PBXResourcesBuildPhase section */

/* Begin PBXSourcesBuildPhase section */
		96A50B3425EFEEA8001B52E4 /* Sources */ = {
			isa = PBXSourcesBuildPhase;
			buildActionMask = 2147483647;
			files = (
				96A50B4025EFEEA8001B52E4 /* ViewController.swift in Sources */,
				96F42B7D2614D454007E3DE4 /* InOrangeViewController.swift in Sources */,
				96A50B3C25EFEEA8001B52E4 /* AppDelegate.swift in Sources */,
				96F42B782614D3F7007E3DE4 /* OrangeViewController.swift in Sources */,
				9653265B2610DA2D00676504 /* PurpleViewController.swift in Sources */,
				965326632610DA7100676504 /* DreiTastenViewController.swift in Sources */,
				96A50B3E25EFEEA8001B52E4 /* SceneDelegate.swift in Sources */,
			);
			runOnlyForDeploymentPostprocessing = 0;
		};
		96A50B4A25EFEEA9001B52E4 /* Sources */ = {
			isa = PBXSourcesBuildPhase;
			buildActionMask = 2147483647;
			files = (
				96A50B5325EFEEA9001B52E4 /* __8Tests.swift in Sources */,
			);
			runOnlyForDeploymentPostprocessing = 0;
		};
		96A50B5525EFEEA9001B52E4 /* Sources */ = {
			isa = PBXSourcesBuildPhase;
			buildActionMask = 2147483647;
			files = (
				96A50B5E25EFEEA9001B52E4 /* __8UITests.swift in Sources */,
			);
			runOnlyForDeploymentPostprocessing = 0;
		};
/* End PBXSourcesBuildPhase section */

/* Begin PBXTargetDependency section */
		96A50B5025EFEEA9001B52E4 /* PBXTargetDependency */ = {
			isa = PBXTargetDependency;
			target = 96A50B3725EFEEA8001B52E4 /* 7.8 */;
			targetProxy = 96A50B4F25EFEEA9001B52E4 /* PBXContainerItemProxy */;
		};
		96A50B5B25EFEEA9001B52E4 /* PBXTargetDependency */ = {
			isa = PBXTargetDependency;
			target = 96A50B3725EFEEA8001B52E4 /* 7.8 */;
			targetProxy = 96A50B5A25EFEEA9001B52E4 /* PBXContainerItemProxy */;
		};
/* End PBXTargetDependency section */

/* Begin PBXVariantGroup section */
		96A50B4125EFEEA8001B52E4 /* Main.storyboard */ = {
			isa = PBXVariantGroup;
			children = (
				96A50B4225EFEEA8001B52E4 /* Base */,
			);
			name = Main.storyboard;
			sourceTree = "<group>";
		};
		96A50B4625EFEEA9001B52E4 /* LaunchScreen.storyboard */ = {
			isa = PBXVariantGroup;
			children = (
				96A50B4725EFEEA9001B52E4 /* Base */,
			);
			name = LaunchScreen.storyboard;
			sourceTree = "<group>";
		};
/* End PBXVariantGroup section */

/* Begin XCBuildConfiguration section */
		96A50B6025EFEEA9001B52E4 /* Debug */ = {
			isa = XCBuildConfiguration;
			buildSettings = {
				ALWAYS_SEARCH_USER_PATHS = NO;
				CLANG_ANALYZER_NONNULL = YES;
				CLANG_ANALYZER_NUMBER_OBJECT_CONVERSION = YES_AGGRESSIVE;
				CLANG_CXX_LANGUAGE_STANDARD = "gnu++14";
				CLANG_CXX_LIBRARY = "libc++";
				CLANG_ENABLE_MODULES = YES;
				CLANG_ENABLE_OBJC_ARC = YES;
				CLANG_ENABLE_OBJC_WEAK = YES;
				CLANG_WARN_BLOCK_CAPTURE_AUTORELEASING = YES;
				CLANG_WARN_BOOL_CONVERSION = YES;
				CLANG_WARN_COMMA = YES;
				CLANG_WARN_CONSTANT_CONVERSION = YES;
				CLANG_WARN_DEPRECATED_OBJC_IMPLEMENTATIONS = YES;
				CLANG_WARN_DIRECT_OBJC_ISA_USAGE = YES_ERROR;
				CLANG_WARN_DOCUMENTATION_COMMENTS = YES;
				CLANG_WARN_EMPTY_BODY = YES;
				CLANG_WARN_ENUM_CONVERSION = YES;
				CLANG_WARN_INFINITE_RECURSION = YES;
				CLANG_WARN_INT_CONVERSION = YES;
				CLANG_WARN_NON_LITERAL_NULL_CONVERSION = YES;
				CLANG_WARN_OBJC_IMPLICIT_RETAIN_SELF = YES;
				CLANG_WARN_OBJC_LITERAL_CONVERSION = YES;
				CLANG_WARN_OBJC_ROOT_CLASS = YES_ERROR;
				CLANG_WARN_QUOTED_INCLUDE_IN_FRAMEWORK_HEADER = YES;
				CLANG_WARN_RANGE_LOOP_ANALYSIS = YES;
				CLANG_WARN_STRICT_PROTOTYPES = YES;
				CLANG_WARN_SUSPICIOUS_MOVE = YES;
				CLANG_WARN_UNGUARDED_AVAILABILITY = YES_AGGRESSIVE;
				CLANG_WARN_UNREACHABLE_CODE = YES;
				CLANG_WARN__DUPLICATE_METHOD_MATCH = YES;
				COPY_PHASE_STRIP = NO;
				DEBUG_INFORMATION_FORMAT = dwarf;
				ENABLE_STRICT_OBJC_MSGSEND = YES;
				ENABLE_TESTABILITY = YES;
				GCC_C_LANGUAGE_STANDARD = gnu11;
				GCC_DYNAMIC_NO_PIC = NO;
				GCC_NO_COMMON_BLOCKS = YES;
				GCC_OPTIMIZATION_LEVEL = 0;
				GCC_PREPROCESSOR_DEFINITIONS = (
					"DEBUG=1",
					"$(inherited)",
				);
				GCC_WARN_64_TO_32_BIT_CONVERSION = YES;
				GCC_WARN_ABOUT_RETURN_TYPE = YES_ERROR;
				GCC_WARN_UNDECLARED_SELECTOR = YES;
				GCC_WARN_UNINITIALIZED_AUTOS = YES_AGGRESSIVE;
				GCC_WARN_UNUSED_FUNCTION = YES;
				GCC_WARN_UNUSED_VARIABLE = YES;
				IPHONEOS_DEPLOYMENT_TARGET = 14.4;
				MTL_ENABLE_DEBUG_INFO = INCLUDE_SOURCE;
				MTL_FAST_MATH = YES;
				ONLY_ACTIVE_ARCH = YES;
				SDKROOT = iphoneos;
				SWIFT_ACTIVE_COMPILATION_CONDITIONS = DEBUG;
				SWIFT_OPTIMIZATION_LEVEL = "-Onone";
			};
			name = Debug;
		};
		96A50B6125EFEEA9001B52E4 /* Release */ = {
			isa = XCBuildConfiguration;
			buildSettings = {
				ALWAYS_SEARCH_USER_PATHS = NO;
				CLANG_ANALYZER_NONNULL = YES;
				CLANG_ANALYZER_NUMBER_OBJECT_CONVERSION = YES_AGGRESSIVE;
				CLANG_CXX_LANGUAGE_STANDARD = "gnu++14";
				CLANG_CXX_LIBRARY = "libc++";
				CLANG_ENABLE_MODULES = YES;
				CLANG_ENABLE_OBJC_ARC = YES;
				CLANG_ENABLE_OBJC_WEAK = YES;
				CLANG_WARN_BLOCK_CAPTURE_AUTORELEASING = YES;
				CLANG_WARN_BOOL_CONVERSION = YES;
				CLANG_WARN_COMMA = YES;
				CLANG_WARN_CONSTANT_CONVERSION = YES;
				CLANG_WARN_DEPRECATED_OBJC_IMPLEMENTATIONS = YES;
				CLANG_WARN_DIRECT_OBJC_ISA_USAGE = YES_ERROR;
				CLANG_WARN_DOCUMENTATION_COMMENTS = YES;
				CLANG_WARN_EMPTY_BODY = YES;
				CLANG_WARN_ENUM_CONVERSION = YES;
				CLANG_WARN_INFINITE_RECURSION = YES;
				CLANG_WARN_INT_CONVERSION = YES;
				CLANG_WARN_NON_LITERAL_NULL_CONVERSION = YES;
				CLANG_WARN_OBJC_IMPLICIT_RETAIN_SELF = YES;
				CLANG_WARN_OBJC_LITERAL_CONVERSION = YES;
				CLANG_WARN_OBJC_ROOT_CLASS = YES_ERROR;
				CLANG_WARN_QUOTED_INCLUDE_IN_FRAMEWORK_HEADER = YES;
				CLANG_WARN_RANGE_LOOP_ANALYSIS = YES;
				CLANG_WARN_STRICT_PROTOTYPES = YES;
				CLANG_WARN_SUSPICIOUS_MOVE = YES;
				CLANG_WARN_UNGUARDED_AVAILABILITY = YES_AGGRESSIVE;
				CLANG_WARN_UNREACHABLE_CODE = YES;
				CLANG_WARN__DUPLICATE_METHOD_MATCH = YES;
				COPY_PHASE_STRIP = NO;
				DEBUG_INFORMATION_FORMAT = "dwarf-with-dsym";
				ENABLE_NS_ASSERTIONS = NO;
				ENABLE_STRICT_OBJC_MSGSEND = YES;
				GCC_C_LANGUAGE_STANDARD = gnu11;
				GCC_NO_COMMON_BLOCKS = YES;
				GCC_WARN_64_TO_32_BIT_CONVERSION = YES;
				GCC_WARN_ABOUT_RETURN_TYPE = YES_ERROR;
				GCC_WARN_UNDECLARED_SELECTOR = YES;
				GCC_WARN_UNINITIALIZED_AUTOS = YES_AGGRESSIVE;
				GCC_WARN_UNUSED_FUNCTION = YES;
				GCC_WARN_UNUSED_VARIABLE = YES;
				IPHONEOS_DEPLOYMENT_TARGET = 14.4;
				MTL_ENABLE_DEBUG_INFO = NO;
				MTL_FAST_MATH = YES;
				SDKROOT = iphoneos;
				SWIFT_COMPILATION_MODE = wholemodule;
				SWIFT_OPTIMIZATION_LEVEL = "-O";
				VALIDATE_PRODUCT = YES;
			};
			name = Release;
		};
		96A50B6325EFEEA9001B52E4 /* Debug */ = {
			isa = XCBuildConfiguration;
			buildSettings = {
				ASSETCATALOG_COMPILER_APPICON_NAME = AppIcon;
				ASSETCATALOG_COMPILER_GLOBAL_ACCENT_COLOR_NAME = AccentColor;
				CODE_SIGN_STYLE = Automatic;
				DEVELOPMENT_TEAM = 7726H6MV6A;
				INFOPLIST_FILE = 7.8/Info.plist;
				LD_RUNPATH_SEARCH_PATHS = (
					"$(inherited)",
					"@executable_path/Frameworks",
				);
				PRODUCT_BUNDLE_IDENTIFIER = "Samson-Elektronik.--8";
				PRODUCT_NAME = "$(TARGET_NAME)";
				SWIFT_VERSION = 5.0;
				TARGETED_DEVICE_FAMILY = "1,2";
			};
			name = Debug;
		};
		96A50B6425EFEEA9001B52E4 /* Release */ = {
			isa = XCBuildConfiguration;
			buildSettings = {
				ASSETCATALOG_COMPILER_APPICON_NAME = AppIcon;
				ASSETCATALOG_COMPILER_GLOBAL_ACCENT_COLOR_NAME = AccentColor;
				CODE_SIGN_STYLE = Automatic;
				DEVELOPMENT_TEAM = 7726H6MV6A;
				INFOPLIST_FILE = 7.8/Info.plist;
				LD_RUNPATH_SEARCH_PATHS = (
					"$(inherited)",
					"@executable_path/Frameworks",
				);
				PRODUCT_BUNDLE_IDENTIFIER = "Samson-Elektronik.--8";
				PRODUCT_NAME = "$(TARGET_NAME)";
				SWIFT_VERSION = 5.0;
				TARGETED_DEVICE_FAMILY = "1,2";
			};
			name = Release;
		};
		96A50B6625EFEEA9001B52E4 /* Debug */ = {
			isa = XCBuildConfiguration;
			buildSettings = {
				ALWAYS_EMBED_SWIFT_STANDARD_LIBRARIES = YES;
				BUNDLE_LOADER = "$(TEST_HOST)";
				CODE_SIGN_STYLE = Automatic;
				INFOPLIST_FILE = 7.8Tests/Info.plist;
				IPHONEOS_DEPLOYMENT_TARGET = 14.4;
				LD_RUNPATH_SEARCH_PATHS = (
					"$(inherited)",
					"@executable_path/Frameworks",
					"@loader_path/Frameworks",
				);
				PRODUCT_BUNDLE_IDENTIFIER = "Samson-Elektronik.--8Tests";
				PRODUCT_NAME = "$(TARGET_NAME)";
				SWIFT_VERSION = 5.0;
				TARGETED_DEVICE_FAMILY = "1,2";
				TEST_HOST = "$(BUILT_PRODUCTS_DIR)/7.8.app/7.8";
			};
			name = Debug;
		};
		96A50B6725EFEEA9001B52E4 /* Release */ = {
			isa = XCBuildConfiguration;
			buildSettings = {
				ALWAYS_EMBED_SWIFT_STANDARD_LIBRARIES = YES;
				BUNDLE_LOADER = "$(TEST_HOST)";
				CODE_SIGN_STYLE = Automatic;
				INFOPLIST_FILE = 7.8Tests/Info.plist;
				IPHONEOS_DEPLOYMENT_TARGET = 14.4;
				LD_RUNPATH_SEARCH_PATHS = (
					"$(inherited)",
					"@executable_path/Frameworks",
					"@loader_path/Frameworks",
				);
				PRODUCT_BUNDLE_IDENTIFIER = "Samson-Elektronik.--8Tests";
				PRODUCT_NAME = "$(TARGET_NAME)";
				SWIFT_VERSION = 5.0;
				TARGETED_DEVICE_FAMILY = "1,2";
				TEST_HOST = "$(BUILT_PRODUCTS_DIR)/7.8.app/7.8";
			};
			name = Release;
		};
		96A50B6925EFEEA9001B52E4 /* Debug */ = {
			isa = XCBuildConfiguration;
			buildSettings = {
				ALWAYS_EMBED_SWIFT_STANDARD_LIBRARIES = YES;
				CODE_SIGN_STYLE = Automatic;
				INFOPLIST_FILE = 7.8UITests/Info.plist;
				LD_RUNPATH_SEARCH_PATHS = (
					"$(inherited)",
					"@executable_path/Frameworks",
					"@loader_path/Frameworks",
				);
				PRODUCT_BUNDLE_IDENTIFIER = "Samson-Elektronik.--8UITests";
				PRODUCT_NAME = "$(TARGET_NAME)";
				SWIFT_VERSION = 5.0;
				TARGETED_DEVICE_FAMILY = "1,2";
				TEST_TARGET_NAME = 7.8;
			};
			name = Debug;
		};
		96A50B6A25EFEEA9001B52E4 /* Release */ = {
			isa = XCBuildConfiguration;
			buildSettings = {
				ALWAYS_EMBED_SWIFT_STANDARD_LIBRARIES = YES;
				CODE_SIGN_STYLE = Automatic;
				INFOPLIST_FILE = 7.8UITests/Info.plist;
				LD_RUNPATH_SEARCH_PATHS = (
					"$(inherited)",
					"@executable_path/Frameworks",
					"@loader_path/Frameworks",
				);
				PRODUCT_BUNDLE_IDENTIFIER = "Samson-Elektronik.--8UITests";
				PRODUCT_NAME = "$(TARGET_NAME)";
				SWIFT_VERSION = 5.0;
				TARGETED_DEVICE_FAMILY = "1,2";
				TEST_TARGET_NAME = 7.8;
			};
			name = Release;
		};
/* End XCBuildConfiguration section */

/* Begin XCConfigurationList section */
		96A50B3325EFEEA8001B52E4 /* Build configuration list for PBXProject "7.8" */ = {
			isa = XCConfigurationList;
			buildConfigurations = (
				96A50B6025EFEEA9001B52E4 /* Debug */,
				96A50B6125EFEEA9001B52E4 /* Release */,
			);
			defaultConfigurationIsVisible = 0;
			defaultConfigurationName = Release;
		};
		96A50B6225EFEEA9001B52E4 /* Build configuration list for PBXNativeTarget "7.8" */ = {
			isa = XCConfigurationList;
			buildConfigurations = (
				96A50B6325EFEEA9001B52E4 /* Debug */,
				96A50B6425EFEEA9001B52E4 /* Release */,
			);
			defaultConfigurationIsVisible = 0;
			defaultConfigurationName = Release;
		};
		96A50B6525EFEEA9001B52E4 /* Build configuration list for PBXNativeTarget "7.8Tests" */ = {
			isa = XCConfigurationList;
			buildConfigurations = (
				96A50B6625EFEEA9001B52E4 /* Debug */,
				96A50B6725EFEEA9001B52E4 /* Release */,
			);
			defaultConfigurationIsVisible = 0;
			defaultConfigurationName = Release;
		};
		96A50B6825EFEEA9001B52E4 /* Build configuration list for PBXNativeTarget "7.8UITests" */ = {
			isa = XCConfigurationList;
			buildConfigurations = (
				96A50B6925EFEEA9001B52E4 /* Debug */,
				96A50B6A25EFEEA9001B52E4 /* Release */,
			);
			defaultConfigurationIsVisible = 0;
			defaultConfigurationName = Release;
		};
/* End XCConfigurationList section */
	};
	rootObject = 96A50B3025EFEEA8001B52E4 /* Project object */;
}
